
Microsoft Visual Studio Solution File, Format Version 12.00
# Visual Studio 15
VisualStudioVersion = 15.0.27130.2010
MinimumVisualStudioVersion = 10.0.40219.1
Project("{FAE04EC0-301F-11D3-BF4B-00C04F79EFBC}") = "Grades", "Grades\Grades.csproj", "{F7F383FE-69E5-45F3-B417-C83FF8EAA3C9}"
EndProject
Project("{FAE04EC0-301F-11D3-BF4B-00C04F79EFBC}") = "Grades.Tests", "Grades.Tests\Grades.Tests.csproj", "{3B7C9BBE-1B0E-42F5-B141-28AA3F0A06B4}"
EndProject
Global
	GlobalSection(SolutionConfigurationPlatforms) = preSolution
		Debug|Any CPU = Debug|Any CPU
		Release|Any CPU = Release|Any CPU
	EndGlobalSection
	GlobalSection(ProjectConfigurationPlatforms) = postSolution
		{F7F383FE-69E5-45F3-B417-C83FF8EAA3C9}.Debug|Any CPU.ActiveCfg = Debug|Any CPU
		{F7F383FE-69E5-45F3-B417-C83FF8EAA3C9}.Debug|Any CPU.Build.0 = Debug|Any CPU
		{F7F383FE-69E5-45F3-B417-C83FF8EAA3C9}.Release|Any CPU.ActiveCfg = Release|Any CPU
		{F7F383FE-69E5-45F3-B417-C83FF8EAA3C9}.Release|Any CPU.Build.0 = Release|Any CPU
		{3B7C9BBE-1B0E-42F5-B141-28AA3F0A06B4}.Debug|Any CPU.ActiveCfg = Debug|Any CPU
		{3B7C9BBE-1B0E-42F5-B141-28AA3F0A06B4}.Debug|Any CPU.Build.0 = Debug|Any CPU
		{3B7C9BBE-1B0E-42F5-B141-28AA3F0A06B4}.Release|Any CPU.ActiveCfg = Release|Any CPU
		{3B7C9BBE-1B0E-42F5-B141-28AA3F0A06B4}.Release|Any CPU.Build.0 = Release|Any CPU
	EndGlobalSection
	GlobalSection(SolutionProperties) = preSolution
		HideSolutionNode = FALSE
	EndGlobalSection
	GlobalSection(ExtensibilityGlobals) = postSolution
		SolutionGuid = {FD2D87DC-7CF3-495D-94F7-38ED2BC85C29}
	EndGlobalSection
EndGlobal
